Microsoft Visual Studio Solution File, Format Version 11.00
# Visual Studio 2008

Project("{5EB9A2FF-82F9-7E8A-AC2F-ED0D32B257ED}") = "TankUltimateLegacy", "Assembly-CSharp.csproj", "{1DC349DE-D29A-908E-B4FC-AFA73FEFAA1B}"
EndProject
Global
	GlobalSection(SolutionConfigurationPlatforms) = preSolution
		Debug|Any CPU = Debug|Any CPU
		Release|Any CPU = Release|Any CPU
	EndGlobalSection
	GlobalSection(ProjectConfigurationPlatforms) = postSolution
		{1DC349DE-D29A-908E-B4FC-AFA73FEFAA1B}.Debug|Any CPU.ActiveCfg = Debug|Any CPU
		{1DC349DE-D29A-908E-B4FC-AFA73FEFAA1B}.Debug|Any CPU.Build.0 = Debug|Any CPU
		{1DC349DE-D29A-908E-B4FC-AFA73FEFAA1B}.Release|Any CPU.ActiveCfg = Release|Any CPU
		{1DC349DE-D29A-908E-B4FC-AFA73FEFAA1B}.Release|Any CPU.Build.0 = Release|Any CPU
	EndGlobalSection
	GlobalSection(SolutionProperties) = preSolution
		HideSolutionNode = FALSE
	EndGlobalSection
	GlobalSection(MonoDevelopProperties) = preSolution
		StartupItem = Assembly-CSharp.csproj
	EndGlobalSection
EndGlobal
